Microsoft Visual Studio Solution File, Format Version 12.00
# Visual Studio 14
VisualStudioVersion = 14.0.25420.1
MinimumVisualStudioVersion = 10.0.40219.1
Project("{FAE04EC0-301F-11D3-BF4B-00C04F79EFBC}") = "K3S", "K3S\K3S.csproj", "{403513BE-E56E-4B15-A8FF-46BFFB25AECC}"
EndProject
Project("{FAE04EC0-301F-11D3-BF4B-00C04F79EFBC}") = "K3S.Droid", "Droid\K3S.Droid.csproj", "{B770529A-544D-4F44-AD39-703BBBE50891}"
EndProject
Project("{FAE04EC0-301F-11D3-BF4B-00C04F79EFBC}") = "Shared", "QA.Shared\Shared.csproj", "{C64ACCBB-500E-4206-9190-52646A594DC1}"
EndProject
Global
	GlobalSection(SolutionConfigurationPlatforms) = preSolution
		Debug|Any CPU = Debug|Any CPU
		Release|Any CPU = Release|Any CPU
	EndGlobalSection
	GlobalSection(ProjectConfigurationPlatforms) = postSolution
		{403513BE-E56E-4B15-A8FF-46BFFB25AECC}.Debug|Any CPU.ActiveCfg = Debug|Any CPU
		{403513BE-E56E-4B15-A8FF-46BFFB25AECC}.Debug|Any CPU.Build.0 = Debug|Any CPU
		{403513BE-E56E-4B15-A8FF-46BFFB25AECC}.Debug|Any CPU.Deploy.0 = Debug|Any CPU
		{403513BE-E56E-4B15-A8FF-46BFFB25AECC}.Release|Any CPU.ActiveCfg = Release|Any CPU
		{403513BE-E56E-4B15-A8FF-46BFFB25AECC}.Release|Any CPU.Build.0 = Release|Any CPU
		{B770529A-544D-4F44-AD39-703BBBE50891}.Debug|Any CPU.ActiveCfg = Debug|Any CPU
		{B770529A-544D-4F44-AD39-703BBBE50891}.Debug|Any CPU.Build.0 = Debug|Any CPU
		{B770529A-544D-4F44-AD39-703BBBE50891}.Debug|Any CPU.Deploy.0 = Debug|Any CPU
		{B770529A-544D-4F44-AD39-703BBBE50891}.Release|Any CPU.ActiveCfg = Release|Any CPU
		{B770529A-544D-4F44-AD39-703BBBE50891}.Release|Any CPU.Build.0 = Release|Any CPU
		{C64ACCBB-500E-4206-9190-52646A594DC1}.Debug|Any CPU.ActiveCfg = Debug|Any CPU
		{C64ACCBB-500E-4206-9190-52646A594DC1}.Debug|Any CPU.Build.0 = Debug|Any CPU
		{C64ACCBB-500E-4206-9190-52646A594DC1}.Release|Any CPU.ActiveCfg = Release|Any CPU
		{C64ACCBB-500E-4206-9190-52646A594DC1}.Release|Any CPU.Build.0 = Release|Any CPU
	EndGlobalSection
	GlobalSection(SolutionProperties) = preSolution
		HideSolutionNode = FALSE
	EndGlobalSection
EndGlobal
